// !$*UTF8*$!
{
	archiveVersion = 1;
	classes = {
	};
	objectVersion = 46;
	objects = {

/* Begin PBXBuildFile section */
		83680B601F39588E00365853 /* LoginViewController.swift in Sources */ = {isa = PBXBuildFile; fileRef = 83680B5F1F39588E00365853 /* LoginViewController.swift */; };
		83A47EA51F39533B00E4067D /* TableViewCell.swift in Sources */ = {isa = PBXBuildFile; fileRef = 83A47EA41F39533B00E4067D /* TableViewCell.swift */; };
		83DFEEC71F301847006AEE78 /* AppDelegate.swift in Sources */ = {isa = PBXBuildFile; fileRef = 83DFEEC61F301847006AEE78 /* AppDelegate.swift */; };
		83DFEEC91F301847006AEE78 /* ViewController.swift in Sources */ = {isa = PBXBuildFile; fileRef = 83DFEEC81F301847006AEE78 /* ViewController.swift */; };
		83DFEECC1F301847006AEE78 /* Main.storyboard in Resources */ = {isa = PBXBuildFile; fileRef = 83DFEECA1F301847006AEE78 /* Main.storyboard */; };
		83DFEECE1F301847006AEE78 /* Assets.xcassets in Resources */ = {isa = PBXBuildFile; fileRef = 83DFEECD1F301847006AEE78 /* Assets.xcassets */; };
		83DFEED11F301847006AEE78 /* LaunchScreen.storyboard in Resources */ = {isa = PBXBuildFile; fileRef = 83DFEECF1F301847006AEE78 /* LaunchScreen.storyboard */; };
		83DFEEDC1F301847006AEE78 /* ChatCCGSTests.swift in Sources */ = {isa = PBXBuildFile; fileRef = 83DFEEDB1F301847006AEE78 /* ChatCCGSTests.swift */; };
		83DFEEE71F301848006AEE78 /* ChatCCGSUITests.swift in Sources */ = {isa = PBXBuildFile; fileRef = 83DFEEE61F301848006AEE78 /* ChatCCGSUITests.swift */; };
		83E781521F301D7000F2A0F0 /* RecentsViewController.swift in Sources */ = {isa = PBXBuildFile; fileRef = 83E781511F301D7000F2A0F0 /* RecentsViewController.swift */; };
		83E781541F301E7A00F2A0F0 /* SettingsViewController.swift in Sources */ = {isa = PBXBuildFile; fileRef = 83E781531F301E7A00F2A0F0 /* SettingsViewController.swift */; };
		83E781561F301E8D00F2A0F0 /* ContactsViewController.swift in Sources */ = {isa = PBXBuildFile; fileRef = 83E781551F301E8D00F2A0F0 /* ContactsViewController.swift */; };
		C235AB871F3B3ACB008F38A0 /* Realm.framework in Frameworks */ = {isa = PBXBuildFile; fileRef = C235AB851F3B3ACA008F38A0 /* Realm.framework */; };
		C235AB881F3B3ACB008F38A0 /* Realm.framework in Embed Frameworks */ = {isa = PBXBuildFile; fileRef = C235AB851F3B3ACA008F38A0 /* Realm.framework */; settings = {ATTRIBUTES = (CodeSignOnCopy, RemoveHeadersOnCopy, ); }; };
		C235AB891F3B3ACB008F38A0 /* RealmSwift.framework in Frameworks */ = {isa = PBXBuildFile; fileRef = C235AB861F3B3ACB008F38A0 /* RealmSwift.framework */; };
		C235AB8A1F3B3ACB008F38A0 /* RealmSwift.framework in Embed Frameworks */ = {isa = PBXBuildFile; fileRef = C235AB861F3B3ACB008F38A0 /* RealmSwift.framework */; settings = {ATTRIBUTES = (CodeSignOnCopy, RemoveHeadersOnCopy, ); }; };
		C235AB8C1F3B3AD5008F38A0 /* Realm.framework in Sources */ = {isa = PBXBuildFile; fileRef = C235AB851F3B3ACA008F38A0 /* Realm.framework */; };
		C235AB8D1F3B3AD5008F38A0 /* RealmSwift.framework in Sources */ = {isa = PBXBuildFile; fileRef = C235AB861F3B3ACB008F38A0 /* RealmSwift.framework */; };
		C235AB8E1F3B3ADD008F38A0 /* Realm.framework in Resources */ = {isa = PBXBuildFile; fileRef = C235AB851F3B3ACA008F38A0 /* Realm.framework */; };
		C235AB8F1F3B3ADD008F38A0 /* RealmSwift.framework in Resources */ = {isa = PBXBuildFile; fileRef = C235AB861F3B3ACB008F38A0 /* RealmSwift.framework */; };
		C47407865D9B263B36963E13 /* Pods_ChatCCGS.framework in Frameworks */ = {isa = PBXBuildFile; fileRef = 9F179C03F74D75E8178204B7 /* Pods_ChatCCGS.framework */; };
		C95239A61F30C21900417282 /* NewChatViewController.swift in Sources */ = {isa = PBXBuildFile; fileRef = C95239A51F30C21900417282 /* NewChatViewController.swift */; };
/* End PBXBuildFile section */

/* Begin PBXContainerItemProxy section */
		83DFEED81F301847006AEE78 /* PBXContainerItemProxy */ = {
			isa = PBXContainerItemProxy;
			containerPortal = 83DFEEBB1F301847006AEE78 /* Project object */;
			proxyType = 1;
			remoteGlobalIDString = 83DFEEC21F301847006AEE78;
			remoteInfo = ChatCCGS;
		};
		83DFEEE31F301848006AEE78 /* PBXContainerItemProxy */ = {
			isa = PBXContainerItemProxy;
			containerPortal = 83DFEEBB1F301847006AEE78 /* Project object */;
			proxyType = 1;
			remoteGlobalIDString = 83DFEEC21F301847006AEE78;
			remoteInfo = ChatCCGS;
		};
/* End PBXContainerItemProxy section */

/* Begin PBXCopyFilesBuildPhase section */
		C235AB8B1F3B3ACB008F38A0 /* Embed Frameworks */ = {
			isa = PBXCopyFilesBuildPhase;
			buildActionMask = 2147483647;
			dstPath = "";
			dstSubfolderSpec = 10;
			files = (
				C235AB8A1F3B3ACB008F38A0 /* RealmSwift.framework in Embed Frameworks */,
				C235AB881F3B3ACB008F38A0 /* Realm.framework in Embed Frameworks */,
			);
			name = "Embed Frameworks";
			runOnlyForDeploymentPostprocessing = 0;
		};
/* End PBXCopyFilesBuildPhase section */

/* Begin PBXFileReference section */
		83680B5F1F39588E00365853 /* LoginViewController.swift */ = {isa = PBXFileReference; fileEncoding = 4; lastKnownFileType = sourcecode.swift; path = LoginViewController.swift; sourceTree = "<group>"; };
		83A47EA41F39533B00E4067D /* TableViewCell.swift */ = {isa = PBXFileReference; fileEncoding = 4; lastKnownFileType = sourcecode.swift; path = TableViewCell.swift; sourceTree = "<group>"; };
		83DFEEC31F301847006AEE78 /* ChatCCGS.app */ = {isa = PBXFileReference; explicitFileType = wrapper.application; includeInIndex = 0; path = ChatCCGS.app; sourceTree = BUILT_PRODUCTS_DIR; };
		83DFEEC61F301847006AEE78 /* AppDelegate.swift */ = {isa = PBXFileReference; lastKnownFileType = sourcecode.swift; path = AppDelegate.swift; sourceTree = "<group>"; };
		83DFEEC81F301847006AEE78 /* ViewController.swift */ = {isa = PBXFileReference; lastKnownFileType = sourcecode.swift; path = ViewController.swift; sourceTree = "<group>"; };
		83DFEECB1F301847006AEE78 /* Base */ = {isa = PBXFileReference; lastKnownFileType = file.storyboard; name = Base; path = Base.lproj/Main.storyboard; sourceTree = "<group>"; };
		83DFEECD1F301847006AEE78 /* Assets.xcassets */ = {isa = PBXFileReference; lastKnownFileType = folder.assetcatalog; path = Assets.xcassets; sourceTree = "<group>"; };
		83DFEED01F301847006AEE78 /* Base */ = {isa = PBXFileReference; lastKnownFileType = file.storyboard; name = Base; path = Base.lproj/LaunchScreen.storyboard; sourceTree = "<group>"; };
		83DFEED21F301847006AEE78 /* Info.plist */ = {isa = PBXFileReference; lastKnownFileType = text.plist.xml; path = Info.plist; sourceTree = "<group>"; };
		83DFEED71F301847006AEE78 /* ChatCCGSTests.xctest */ = {isa = PBXFileReference; explicitFileType = wrapper.cfbundle; includeInIndex = 0; path = ChatCCGSTests.xctest; sourceTree = BUILT_PRODUCTS_DIR; };
		83DFEEDB1F301847006AEE78 /* ChatCCGSTests.swift */ = {isa = PBXFileReference; lastKnownFileType = sourcecode.swift; path = ChatCCGSTests.swift; sourceTree = "<group>"; };
		83DFEEDD1F301848006AEE78 /* Info.plist */ = {isa = PBXFileReference; lastKnownFileType = text.plist.xml; path = Info.plist; sourceTree = "<group>"; };
		83DFEEE21F301848006AEE78 /* ChatCCGSUITests.xctest */ = {isa = PBXFileReference; explicitFileType = wrapper.cfbundle; includeInIndex = 0; path = ChatCCGSUITests.xctest; sourceTree = BUILT_PRODUCTS_DIR; };
		83DFEEE61F301848006AEE78 /* ChatCCGSUITests.swift */ = {isa = PBXFileReference; lastKnownFileType = sourcecode.swift; path = ChatCCGSUITests.swift; sourceTree = "<group>"; };
		83DFEEE81F301848006AEE78 /* Info.plist */ = {isa = PBXFileReference; lastKnownFileType = text.plist.xml; path = Info.plist; sourceTree = "<group>"; };
		83E781511F301D7000F2A0F0 /* RecentsViewController.swift */ = {isa = PBXFileReference; fileEncoding = 4; lastKnownFileType = sourcecode.swift; path = RecentsViewController.swift; sourceTree = "<group>"; };
		83E781531F301E7A00F2A0F0 /* SettingsViewController.swift */ = {isa = PBXFileReference; fileEncoding = 4; lastKnownFileType = sourcecode.swift; path = SettingsViewController.swift; sourceTree = "<group>"; };
		83E781551F301E8D00F2A0F0 /* ContactsViewController.swift */ = {isa = PBXFileReference; fileEncoding = 4; lastKnownFileType = sourcecode.swift; path = ContactsViewController.swift; sourceTree = "<group>"; };
		9F179C03F74D75E8178204B7 /* Pods_ChatCCGS.framework */ = {isa = PBXFileReference; explicitFileType = wrapper.framework; includeInIndex = 0; path = Pods_ChatCCGS.framework; sourceTree = BUILT_PRODUCTS_DIR; };
		A404DDA90A45751A0BD09C43 /* Pods-ChatCCGS.release.xcconfig */ = {isa = PBXFileReference; includeInIndex = 1; lastKnownFileType = text.xcconfig; name = "Pods-ChatCCGS.release.xcconfig"; path = "Pods/Target Support Files/Pods-ChatCCGS/Pods-ChatCCGS.release.xcconfig"; sourceTree = "<group>"; };
		C235AB851F3B3ACA008F38A0 /* Realm.framework */ = {isa = PBXFileReference; lastKnownFileType = wrapper.framework; path = Realm.framework; sourceTree = "<group>"; };
		C235AB861F3B3ACB008F38A0 /* RealmSwift.framework */ = {isa = PBXFileReference; lastKnownFileType = wrapper.framework; path = RealmSwift.framework; sourceTree = "<group>"; };
		C95239A51F30C21900417282 /* NewChatViewController.swift */ = {isa = PBXFileReference; fileEncoding = 4; lastKnownFileType = sourcecode.swift; path = NewChatViewController.swift; sourceTree = "<group>"; };
		D2CD3C8FC43C93CA938E96CF /* Pods-ChatCCGS.debug.xcconfig */ = {isa = PBXFileReference; includeInIndex = 1; lastKnownFileType = text.xcconfig; name = "Pods-ChatCCGS.debug.xcconfig"; path = "Pods/Target Support Files/Pods-ChatCCGS/Pods-ChatCCGS.debug.xcconfig"; sourceTree = "<group>"; };
/* End PBXFileReference section */

/* Begin PBXFrameworksBuildPhase section */
		83DFEEC01F301847006AEE78 /* Frameworks */ = {
			isa = PBXFrameworksBuildPhase;
			buildActionMask = 2147483647;
			files = (
				C235AB871F3B3ACB008F38A0 /* Realm.framework in Frameworks */,
				C47407865D9B263B36963E13 /* Pods_ChatCCGS.framework in Frameworks */,
				C235AB891F3B3ACB008F38A0 /* RealmSwift.framework in Frameworks */,
			);
			runOnlyForDeploymentPostprocessing = 0;
		};
		83DFEED41F301847006AEE78 /* Frameworks */ = {
			isa = PBXFrameworksBuildPhase;
			buildActionMask = 2147483647;
			files = (
			);
			runOnlyForDeploymentPostprocessing = 0;
		};
		83DFEEDF1F301848006AEE78 /* Frameworks */ = {
			isa = PBXFrameworksBuildPhase;
			buildActionMask = 2147483647;
			files = (
			);
			runOnlyForDeploymentPostprocessing = 0;
		};
/* End PBXFrameworksBuildPhase section */

/* Begin PBXGroup section */
		83DFEEBA1F301847006AEE78 = {
			isa = PBXGroup;
			children = (
				C235AB851F3B3ACA008F38A0 /* Realm.framework */,
				C235AB861F3B3ACB008F38A0 /* RealmSwift.framework */,
				83DFEEC51F301847006AEE78 /* ChatCCGS */,
				83DFEEDA1F301847006AEE78 /* ChatCCGSTests */,
				83DFEEE51F301848006AEE78 /* ChatCCGSUITests */,
				83DFEEC41F301847006AEE78 /* Products */,
				86002F502618C5EC174DBA71 /* Pods */,
				F94609A17A273492B0648C02 /* Frameworks */,
			);
			sourceTree = "<group>";
		};
		83DFEEC41F301847006AEE78 /* Products */ = {
			isa = PBXGroup;
			children = (
				83DFEEC31F301847006AEE78 /* ChatCCGS.app */,
				83DFEED71F301847006AEE78 /* ChatCCGSTests.xctest */,
				83DFEEE21F301848006AEE78 /* ChatCCGSUITests.xctest */,
			);
			name = Products;
			sourceTree = "<group>";
		};
		83DFEEC51F301847006AEE78 /* ChatCCGS */ = {
			isa = PBXGroup;
			children = (
				83DFEEC61F301847006AEE78 /* AppDelegate.swift */,
				83DFEEC81F301847006AEE78 /* ViewController.swift */,
				83680B5F1F39588E00365853 /* LoginViewController.swift */,
				83E781531F301E7A00F2A0F0 /* SettingsViewController.swift */,
				83E781551F301E8D00F2A0F0 /* ContactsViewController.swift */,
				C95239A51F30C21900417282 /* NewChatViewController.swift */,
				83E781511F301D7000F2A0F0 /* RecentsViewController.swift */,
				83A47EA41F39533B00E4067D /* TableViewCell.swift */,
				83DFEECA1F301847006AEE78 /* Main.storyboard */,
				83DFEECD1F301847006AEE78 /* Assets.xcassets */,
				83DFEECF1F301847006AEE78 /* LaunchScreen.storyboard */,
				83DFEED21F301847006AEE78 /* Info.plist */,
			);
			path = ChatCCGS;
			sourceTree = "<group>";
		};
		83DFEEDA1F301847006AEE78 /* ChatCCGSTests */ = {
			isa = PBXGroup;
			children = (
				83DFEEDB1F301847006AEE78 /* ChatCCGSTests.swift */,
				83DFEEDD1F301848006AEE78 /* Info.plist */,
			);
			path = ChatCCGSTests;
			sourceTree = "<group>";
		};
		83DFEEE51F301848006AEE78 /* ChatCCGSUITests */ = {
			isa = PBXGroup;
			children = (
				83DFEEE61F301848006AEE78 /* ChatCCGSUITests.swift */,
				83DFEEE81F301848006AEE78 /* Info.plist */,
			);
			path = ChatCCGSUITests;
			sourceTree = "<group>";
		};
		86002F502618C5EC174DBA71 /* Pods */ = {
			isa = PBXGroup;
			children = (
				D2CD3C8FC43C93CA938E96CF /* Pods-ChatCCGS.debug.xcconfig */,
				A404DDA90A45751A0BD09C43 /* Pods-ChatCCGS.release.xcconfig */,
			);
			name = Pods;
			sourceTree = "<group>";
		};
		F94609A17A273492B0648C02 /* Frameworks */ = {
			isa = PBXGroup;
			children = (
				9F179C03F74D75E8178204B7 /* Pods_ChatCCGS.framework */,
			);
			name = Frameworks;
			sourceTree = "<group>";
		};
/* End PBXGroup section */

/* Begin PBXNativeTarget section */
		83DFEEC21F301847006AEE78 /* ChatCCGS */ = {
			isa = PBXNativeTarget;
			buildConfigurationList = 83DFEEEB1F301848006AEE78 /* Build configuration list for PBXNativeTarget "ChatCCGS" */;
			buildPhases = (
				243276FBD7ADF237853331C5 /* [CP] Check Pods Manifest.lock */,
				83DFEEBF1F301847006AEE78 /* Sources */,
				83DFEEC01F301847006AEE78 /* Frameworks */,
				83DFEEC11F301847006AEE78 /* Resources */,
				94397ADFC0A8773D2CAA7FBF /* [CP] Embed Pods Frameworks */,
				C927A0080D9C0709B657DF52 /* [CP] Copy Pods Resources */,
				C235AB8B1F3B3ACB008F38A0 /* Embed Frameworks */,
			);
			buildRules = (
			);
			dependencies = (
			);
			name = ChatCCGS;
			productName = ChatCCGS;
			productReference = 83DFEEC31F301847006AEE78 /* ChatCCGS.app */;
			productType = "com.apple.product-type.application";
		};
		83DFEED61F301847006AEE78 /* ChatCCGSTests */ = {
			isa = PBXNativeTarget;
			buildConfigurationList = 83DFEEEE1F301848006AEE78 /* Build configuration list for PBXNativeTarget "ChatCCGSTests" */;
			buildPhases = (
				83DFEED31F301847006AEE78 /* Sources */,
				83DFEED41F301847006AEE78 /* Frameworks */,
				83DFEED51F301847006AEE78 /* Resources */,
			);
			buildRules = (
			);
			dependencies = (
				83DFEED91F301847006AEE78 /* PBXTargetDependency */,
			);
			name = ChatCCGSTests;
			productName = ChatCCGSTests;
			productReference = 83DFEED71F301847006AEE78 /* ChatCCGSTests.xctest */;
			productType = "com.apple.product-type.bundle.unit-test";
		};
		83DFEEE11F301848006AEE78 /* ChatCCGSUITests */ = {
			isa = PBXNativeTarget;
			buildConfigurationList = 83DFEEF11F301848006AEE78 /* Build configuration list for PBXNativeTarget "ChatCCGSUITests" */;
			buildPhases = (
				83DFEEDE1F301848006AEE78 /* Sources */,
				83DFEEDF1F301848006AEE78 /* Frameworks */,
				83DFEEE01F301848006AEE78 /* Resources */,
			);
			buildRules = (
			);
			dependencies = (
				83DFEEE41F301848006AEE78 /* PBXTargetDependency */,
			);
			name = ChatCCGSUITests;
			productName = ChatCCGSUITests;
			productReference = 83DFEEE21F301848006AEE78 /* ChatCCGSUITests.xctest */;
			productType = "com.apple.product-type.bundle.ui-testing";
		};
/* End PBXNativeTarget section */

/* Begin PBXProject section */
		83DFEEBB1F301847006AEE78 /* Project object */ = {
			isa = PBXProject;
			attributes = {
				LastSwiftUpdateCheck = 0820;
				LastUpgradeCheck = 0820;
				ORGANIZATIONNAME = NullPointerAcception;
				TargetAttributes = {
					83DFEEC21F301847006AEE78 = {
						CreatedOnToolsVersion = 8.2.1;
						ProvisioningStyle = Automatic;
					};
					83DFEED61F301847006AEE78 = {
						CreatedOnToolsVersion = 8.2.1;
						ProvisioningStyle = Automatic;
						TestTargetID = 83DFEEC21F301847006AEE78;
					};
					83DFEEE11F301848006AEE78 = {
						CreatedOnToolsVersion = 8.2.1;
						ProvisioningStyle = Automatic;
						TestTargetID = 83DFEEC21F301847006AEE78;
					};
				};
			};
			buildConfigurationList = 83DFEEBE1F301847006AEE78 /* Build configuration list for PBXProject "ChatCCGS" */;
			compatibilityVersion = "Xcode 3.2";
			developmentRegion = English;
			hasScannedForEncodings = 0;
			knownRegions = (
				en,
				Base,
			);
			mainGroup = 83DFEEBA1F301847006AEE78;
			productRefGroup = 83DFEEC41F301847006AEE78 /* Products */;
			projectDirPath = "";
			projectRoot = "";
			targets = (
				83DFEEC21F301847006AEE78 /* ChatCCGS */,
				83DFEED61F301847006AEE78 /* ChatCCGSTests */,
				83DFEEE11F301848006AEE78 /* ChatCCGSUITests */,
			);
		};
/* End PBXProject section */

/* Begin PBXResourcesBuildPhase section */
		83DFEEC11F301847006AEE78 /* Resources */ = {
			isa = PBXResourcesBuildPhase;
			buildActionMask = 2147483647;
			files = (
				C235AB8E1F3B3ADD008F38A0 /* Realm.framework in Resources */,
				C235AB8F1F3B3ADD008F38A0 /* RealmSwift.framework in Resources */,
				83DFEED11F301847006AEE78 /* LaunchScreen.storyboard in Resources */,
				83DFEECE1F301847006AEE78 /* Assets.xcassets in Resources */,
				83DFEECC1F301847006AEE78 /* Main.storyboard in Resources */,
			);
			runOnlyForDeploymentPostprocessing = 0;
		};
		83DFEED51F301847006AEE78 /* Resources */ = {
			isa = PBXResourcesBuildPhase;
			buildActionMask = 2147483647;
			files = (
			);
			runOnlyForDeploymentPostprocessing = 0;
		};
		83DFEEE01F301848006AEE78 /* Resources */ = {
			isa = PBXResourcesBuildPhase;
			buildActionMask = 2147483647;
			files = (
			);
			runOnlyForDeploymentPostprocessing = 0;
		};
/* End PBXResourcesBuildPhase section */

/* Begin PBXShellScriptBuildPhase section */
		243276FBD7ADF237853331C5 /* [CP] Check Pods Manifest.lock */ = {
			isa = PBXShellScriptBuildPhase;
			buildActionMask = 2147483647;
			files = (
			);
			inputPaths = (
				"${PODS_PODFILE_DIR_PATH}/Podfile.lock",
				"${PODS_ROOT}/Manifest.lock",
			);
			name = "[CP] Check Pods Manifest.lock";
			outputPaths = (
				"$(DERIVED_FILE_DIR)/Pods-ChatCCGS-checkManifestLockResult.txt",
			);
			runOnlyForDeploymentPostprocessing = 0;
			shellPath = /bin/sh;
			shellScript = "diff \"${PODS_PODFILE_DIR_PATH}/Podfile.lock\" \"${PODS_ROOT}/Manifest.lock\" > /dev/null\nif [ $? != 0 ] ; then\n    # print error to STDERR\n    echo \"error: The sandbox is not in sync with the Podfile.lock. Run 'pod install' or update your CocoaPods installation.\" >&2\n    exit 1\nfi\n# This output is used by Xcode 'outputs' to avoid re-running this script phase.\necho \"SUCCESS\" > \"${SCRIPT_OUTPUT_FILE_0}\"\n";
			showEnvVarsInLog = 0;
		};
		94397ADFC0A8773D2CAA7FBF /* [CP] Embed Pods Frameworks */ = {
			isa = PBXShellScriptBuildPhase;
			buildActionMask = 2147483647;
			files = (
			);
			inputPaths = (
				"${SRCROOT}/Pods/Target Support Files/Pods-ChatCCGS/Pods-ChatCCGS-frameworks.sh",
				"${BUILT_PRODUCTS_DIR}/Alamofire/Alamofire.framework",
			);
			name = "[CP] Embed Pods Frameworks";
			outputPaths = (
				"${TARGET_BUILD_DIR}/${FRAMEWORKS_FOLDER_PATH}/Alamofire.framework",
			);
			runOnlyForDeploymentPostprocessing = 0;
			shellPath = /bin/sh;
			shellScript = "\"${SRCROOT}/Pods/Target Support Files/Pods-ChatCCGS/Pods-ChatCCGS-frameworks.sh\"\n";
			showEnvVarsInLog = 0;
		};
		C927A0080D9C0709B657DF52 /* [CP] Copy Pods Resources */ = {
			isa = PBXShellScriptBuildPhase;
			buildActionMask = 2147483647;
			files = (
			);
			inputPaths = (
			);
			name = "[CP] Copy Pods Resources";
			outputPaths = (
			);
			runOnlyForDeploymentPostprocessing = 0;
			shellPath = /bin/sh;
			shellScript = "\"${SRCROOT}/Pods/Target Support Files/Pods-ChatCCGS/Pods-ChatCCGS-resources.sh\"\n";
			showEnvVarsInLog = 0;
		};
/* End PBXShellScriptBuildPhase section */

/* Begin PBXSourcesBuildPhase section */
		83DFEEBF1F301847006AEE78 /* Sources */ = {
			isa = PBXSourcesBuildPhase;
			buildActionMask = 2147483647;
			files = (
				C235AB8C1F3B3AD5008F38A0 /* Realm.framework in Sources */,
				C235AB8D1F3B3AD5008F38A0 /* RealmSwift.framework in Sources */,
				83E781521F301D7000F2A0F0 /* RecentsViewController.swift in Sources */,
				C95239A61F30C21900417282 /* NewChatViewController.swift in Sources */,
				83DFEEC91F301847006AEE78 /* ViewController.swift in Sources */,
				83DFEEC71F301847006AEE78 /* AppDelegate.swift in Sources */,
				83680B601F39588E00365853 /* LoginViewController.swift in Sources */,
				83E781541F301E7A00F2A0F0 /* SettingsViewController.swift in Sources */,
				83A47EA51F39533B00E4067D /* TableViewCell.swift in Sources */,
				83E781561F301E8D00F2A0F0 /* ContactsViewController.swift in Sources */,
			);
			runOnlyForDeploymentPostprocessing = 0;
		};
		83DFEED31F301847006AEE78 /* Sources */ = {
			isa = PBXSourcesBuildPhase;
			buildActionMask = 2147483647;
			files = (
				83DFEEDC1F301847006AEE78 /* ChatCCGSTests.swift in Sources */,
			);
			runOnlyForDeploymentPostprocessing = 0;
		};
		83DFEEDE1F301848006AEE78 /* Sources */ = {
			isa = PBXSourcesBuildPhase;
			buildActionMask = 2147483647;
			files = (
				83DFEEE71F301848006AEE78 /* ChatCCGSUITests.swift in Sources */,
			);
			runOnlyForDeploymentPostprocessing = 0;
		};
/* End PBXSourcesBuildPhase section */

/* Begin PBXTargetDependency section */
		83DFEED91F301847006AEE78 /* PBXTargetDependency */ = {
			isa = PBXTargetDependency;
			target = 83DFEEC21F301847006AEE78 /* ChatCCGS */;
			targetProxy = 83DFEED81F301847006AEE78 /* PBXContainerItemProxy */;
		};
		83DFEEE41F301848006AEE78 /* PBXTargetDependency */ = {
			isa = PBXTargetDependency;
			target = 83DFEEC21F301847006AEE78 /* ChatCCGS */;
			targetProxy = 83DFEEE31F301848006AEE78 /* PBXContainerItemProxy */;
		};
/* End PBXTargetDependency section */

/* Begin PBXVariantGroup section */
		83DFEECA1F301847006AEE78 /* Main.storyboard */ = {
			isa = PBXVariantGroup;
			children = (
				83DFEECB1F301847006AEE78 /* Base */,
			);
			name = Main.storyboard;
			sourceTree = "<group>";
		};
		83DFEECF1F301847006AEE78 /* LaunchScreen.storyboard */ = {
			isa = PBXVariantGroup;
			children = (
				83DFEED01F301847006AEE78 /* Base */,
			);
			name = LaunchScreen.storyboard;
			sourceTree = "<group>";
		};
/* End PBXVariantGroup section */

/* Begin XCBuildConfiguration section */
		83DFEEE91F301848006AEE78 /* Debug */ = {
			isa = XCBuildConfiguration;
			buildSettings = {
				ALWAYS_SEARCH_USER_PATHS = NO;
				CLANG_ANALYZER_NONNULL = YES;
				CLANG_CXX_LANGUAGE_STANDARD = "gnu++0x";
				CLANG_CXX_LIBRARY = "libc++";
				CLANG_ENABLE_MODULES = YES;
				CLANG_ENABLE_OBJC_ARC = YES;
				CLANG_WARN_BOOL_CONVERSION = YES;
				CLANG_WARN_CONSTANT_CONVERSION = YES;
				CLANG_WARN_DIRECT_OBJC_ISA_USAGE = YES_ERROR;
				CLANG_WARN_DOCUMENTATION_COMMENTS = YES;
				CLANG_WARN_EMPTY_BODY = YES;
				CLANG_WARN_ENUM_CONVERSION = YES;
				CLANG_WARN_INFINITE_RECURSION = YES;
				CLANG_WARN_INT_CONVERSION = YES;
				CLANG_WARN_OBJC_ROOT_CLASS = YES_ERROR;
				CLANG_WARN_SUSPICIOUS_MOVE = YES;
				CLANG_WARN_UNREACHABLE_CODE = YES;
				CLANG_WARN__DUPLICATE_METHOD_MATCH = YES;
				"CODE_SIGN_IDENTITY[sdk=iphoneos*]" = "iPhone Developer";
				COPY_PHASE_STRIP = NO;
				DEBUG_INFORMATION_FORMAT = dwarf;
				ENABLE_STRICT_OBJC_MSGSEND = YES;
				ENABLE_TESTABILITY = YES;
				GCC_C_LANGUAGE_STANDARD = gnu99;
				GCC_DYNAMIC_NO_PIC = NO;
				GCC_NO_COMMON_BLOCKS = YES;
				GCC_OPTIMIZATION_LEVEL = 0;
				GCC_PREPROCESSOR_DEFINITIONS = (
					"DEBUG=1",
					"$(inherited)",
				);
				GCC_WARN_64_TO_32_BIT_CONVERSION = YES;
				GCC_WARN_ABOUT_RETURN_TYPE = YES_ERROR;
				GCC_WARN_UNDECLARED_SELECTOR = YES;
				GCC_WARN_UNINITIALIZED_AUTOS = YES_AGGRESSIVE;
				GCC_WARN_UNUSED_FUNCTION = YES;
				GCC_WARN_UNUSED_VARIABLE = YES;
				IPHONEOS_DEPLOYMENT_TARGET = 10.2;
				MTL_ENABLE_DEBUG_INFO = YES;
				ONLY_ACTIVE_ARCH = YES;
				SDKROOT = iphoneos;
				SWIFT_ACTIVE_COMPILATION_CONDITIONS = DEBUG;
				SWIFT_OPTIMIZATION_LEVEL = "-Onone";
				TARGETED_DEVICE_FAMILY = "1,2";
			};
			name = Debug;
		};
		83DFEEEA1F301848006AEE78 /* Release */ = {
			isa = XCBuildConfiguration;
			buildSettings = {
				ALWAYS_SEARCH_USER_PATHS = NO;
				CLANG_ANALYZER_NONNULL = YES;
				CLANG_CXX_LANGUAGE_STANDARD = "gnu++0x";
				CLANG_CXX_LIBRARY = "libc++";
				CLANG_ENABLE_MODULES = YES;
				CLANG_ENABLE_OBJC_ARC = YES;
				CLANG_WARN_BOOL_CONVERSION = YES;
				CLANG_WARN_CONSTANT_CONVERSION = YES;
				CLANG_WARN_DIRECT_OBJC_ISA_USAGE = YES_ERROR;
				CLANG_WARN_DOCUMENTATION_COMMENTS = YES;
				CLANG_WARN_EMPTY_BODY = YES;
				CLANG_WARN_ENUM_CONVERSION = YES;
				CLANG_WARN_INFINITE_RECURSION = YES;
				CLANG_WARN_INT_CONVERSION = YES;
				CLANG_WARN_OBJC_ROOT_CLASS = YES_ERROR;
				CLANG_WARN_SUSPICIOUS_MOVE = YES;
				CLANG_WARN_UNREACHABLE_CODE = YES;
				CLANG_WARN__DUPLICATE_METHOD_MATCH = YES;
				"CODE_SIGN_IDENTITY[sdk=iphoneos*]" = "iPhone Developer";
				COPY_PHASE_STRIP = NO;
				DEBUG_INFORMATION_FORMAT = "dwarf-with-dsym";
				ENABLE_NS_ASSERTIONS = NO;
				ENABLE_STRICT_OBJC_MSGSEND = YES;
				GCC_C_LANGUAGE_STANDARD = gnu99;
				GCC_NO_COMMON_BLOCKS = YES;
				GCC_WARN_64_TO_32_BIT_CONVERSION = YES;
				GCC_WARN_ABOUT_RETURN_TYPE = YES_ERROR;
				GCC_WARN_UNDECLARED_SELECTOR = YES;
				GCC_WARN_UNINITIALIZED_AUTOS = YES_AGGRESSIVE;
				GCC_WARN_UNUSED_FUNCTION = YES;
				GCC_WARN_UNUSED_VARIABLE = YES;
				IPHONEOS_DEPLOYMENT_TARGET = 10.2;
				MTL_ENABLE_DEBUG_INFO = NO;
				SDKROOT = iphoneos;
				SWIFT_OPTIMIZATION_LEVEL = "-Owholemodule";
				TARGETED_DEVICE_FAMILY = "1,2";
				VALIDATE_PRODUCT = YES;
			};
			name = Release;
		};
		83DFEEEC1F301848006AEE78 /* Debug */ = {
			isa = XCBuildConfiguration;
			baseConfigurationReference = D2CD3C8FC43C93CA938E96CF /* Pods-ChatCCGS.debug.xcconfig */;
			buildSettings = {
				ASSETCATALOG_COMPILER_APPICON_NAME = AppIcon;
				FRAMEWORK_SEARCH_PATHS = (
					"$(inherited)",
					"$(PROJECT_DIR)",
				);
				INFOPLIST_FILE = ChatCCGS/Info.plist;
				IPHONEOS_DEPLOYMENT_TARGET = 10.0;
				LD_RUNPATH_SEARCH_PATHS = "$(inherited) @executable_path/Frameworks";
				PRODUCT_BUNDLE_IDENTIFIER = NPA.ChatCCGS;
				PRODUCT_NAME = "$(TARGET_NAME)";
				SWIFT_VERSION = 3.0;
				TARGETED_DEVICE_FAMILY = 2;
			};
			name = Debug;
		};
		83DFEEED1F301848006AEE78 /* Release */ = {
			isa = XCBuildConfiguration;
			baseConfigurationReference = A404DDA90A45751A0BD09C43 /* Pods-ChatCCGS.release.xcconfig */;
			buildSettings = {
				ASSETCATALOG_COMPILER_APPICON_NAME = AppIcon;
				FRAMEWORK_SEARCH_PATHS = (
					"$(inherited)",
					"$(PROJECT_DIR)",
				);
				INFOPLIST_FILE = ChatCCGS/Info.plist;
				IPHONEOS_DEPLOYMENT_TARGET = 10.0;
				LD_RUNPATH_SEARCH_PATHS = "$(inherited) @executable_path/Frameworks";
				PRODUCT_BUNDLE_IDENTIFIER = NPA.ChatCCGS;
				PRODUCT_NAME = "$(TARGET_NAME)";
				SWIFT_VERSION = 3.0;
				TARGETED_DEVICE_FAMILY = 2;
			};
			name = Release;
		};
		83DFEEEF1F301848006AEE78 /* Debug */ = {
			isa = XCBuildConfiguration;
			buildSettings = {
				ALWAYS_EMBED_SWIFT_STANDARD_LIBRARIES = YES;
				BUNDLE_LOADER = "$(TEST_HOST)";
				INFOPLIST_FILE = ChatCCGSTests/Info.plist;
				LD_RUNPATH_SEARCH_PATHS = "$(inherited) @executable_path/Frameworks @loader_path/Frameworks";
				PRODUCT_BUNDLE_IDENTIFIER = NPA.ChatCCGSTests;
				PRODUCT_NAME = "$(TARGET_NAME)";
				SWIFT_VERSION = 3.0;
				TEST_HOST = "$(BUILT_PRODUCTS_DIR)/ChatCCGS.app/ChatCCGS";
			};
			name = Debug;
		};
		83DFEEF01F301848006AEE78 /* Release */ = {
			isa = XCBuildConfiguration;
			buildSettings = {
				ALWAYS_EMBED_SWIFT_STANDARD_LIBRARIES = YES;
				BUNDLE_LOADER = "$(TEST_HOST)";
				INFOPLIST_FILE = ChatCCGSTests/Info.plist;
				LD_RUNPATH_SEARCH_PATHS = "$(inherited) @executable_path/Frameworks @loader_path/Frameworks";
				PRODUCT_BUNDLE_IDENTIFIER = NPA.ChatCCGSTests;
				PRODUCT_NAME = "$(TARGET_NAME)";
				SWIFT_VERSION = 3.0;
				TEST_HOST = "$(BUILT_PRODUCTS_DIR)/ChatCCGS.app/ChatCCGS";
			};
			name = Release;
		};
		83DFEEF21F301848006AEE78 /* Debug */ = {
			isa = XCBuildConfiguration;
			buildSettings = {
				ALWAYS_EMBED_SWIFT_STANDARD_LIBRARIES = YES;
				INFOPLIST_FILE = ChatCCGSUITests/Info.plist;
				LD_RUNPATH_SEARCH_PATHS = "$(inherited) @executable_path/Frameworks @loader_path/Frameworks";
				PRODUCT_BUNDLE_IDENTIFIER = NPA.ChatCCGSUITests;
				PRODUCT_NAME = "$(TARGET_NAME)";
				SWIFT_VERSION = 3.0;
				TEST_TARGET_NAME = ChatCCGS;
			};
			name = Debug;
		};
		83DFEEF31F301848006AEE78 /* Release */ = {
			isa = XCBuildConfiguration;
			buildSettings = {
				ALWAYS_EMBED_SWIFT_STANDARD_LIBRARIES = YES;
				INFOPLIST_FILE = ChatCCGSUITests/Info.plist;
				LD_RUNPATH_SEARCH_PATHS = "$(inherited) @executable_path/Frameworks @loader_path/Frameworks";
				PRODUCT_BUNDLE_IDENTIFIER = NPA.ChatCCGSUITests;
				PRODUCT_NAME = "$(TARGET_NAME)";
				SWIFT_VERSION = 3.0;
				TEST_TARGET_NAME = ChatCCGS;
			};
			name = Release;
		};
/* End XCBuildConfiguration section */

/* Begin XCConfigurationList section */
		83DFEEBE1F301847006AEE78 /* Build configuration list for PBXProject "ChatCCGS" */ = {
			isa = XCConfigurationList;
			buildConfigurations = (
				83DFEEE91F301848006AEE78 /* Debug */,
				83DFEEEA1F301848006AEE78 /* Release */,
			);
			defaultConfigurationIsVisible = 0;
			defaultConfigurationName = Release;
		};
		83DFEEEB1F301848006AEE78 /* Build configuration list for PBXNativeTarget "ChatCCGS" */ = {
			isa = XCConfigurationList;
			buildConfigurations = (
				83DFEEEC1F301848006AEE78 /* Debug */,
				83DFEEED1F301848006AEE78 /* Release */,
			);
			defaultConfigurationIsVisible = 0;
			defaultConfigurationName = Release;
		};
		83DFEEEE1F301848006AEE78 /* Build configuration list for PBXNativeTarget "ChatCCGSTests" */ = {
			isa = XCConfigurationList;
			buildConfigurations = (
				83DFEEEF1F301848006AEE78 /* Debug */,
				83DFEEF01F301848006AEE78 /* Release */,
			);
			defaultConfigurationIsVisible = 0;
			defaultConfigurationName = Release;
		};
		83DFEEF11F301848006AEE78 /* Build configuration list for PBXNativeTarget "ChatCCGSUITests" */ = {
			isa = XCConfigurationList;
			buildConfigurations = (
				83DFEEF21F301848006AEE78 /* Debug */,
				83DFEEF31F301848006AEE78 /* Release */,
			);
			defaultConfigurationIsVisible = 0;
			defaultConfigurationName = Release;
		};
/* End XCConfigurationList section */
	};
	rootObject = 83DFEEBB1F301847006AEE78 /* Project object */;
}
